Microsoft Visual Studio Solution File, Format Version 12.00
# Visual Studio 15
VisualStudioVersion = 15.0.28010.2046
MinimumVisualStudioVersion = 10.0.40219.1
Project("{8BC9CEB8-8B4A-11D0-8D11-00A0C91BC942}") = "aacDECdrop", "aacDECdrop.vcxproj", "{C23A88D7-4997-4026-BBDB-5B0B2B22FDFF}"
EndProject
Project("{8BC9CEB8-8B4A-11D0-8D11-00A0C91BC942}") = "libfaad", "..\..\libfaad\libfaad.vcxproj", "{BC3EFE27-9015-4C9C-AD3C-72B3B7ED2114}"
EndProject
Project("{8BC9CEB8-8B4A-11D0-8D11-00A0C91BC942}") = "mp4ff", "..\..\common\mp4ff\mp4ff.vcxproj", "{F470BB4A-7675-4D6A-B310-41F33AC6F987}"
EndProject
Global
	GlobalSection(SolutionConfigurationPlatforms) = preSolution
		Debug|Win32 = Debug|Win32
		Release|Win32 = Release|Win32
	EndGlobalSection
	GlobalSection(ProjectConfigurationPlatforms) = postSolution
		{C23A88D7-4997-4026-BBDB-5B0B2B22FDFF}.Debug|Win32.ActiveCfg = Debug|Win32
		{C23A88D7-4997-4026-BBDB-5B0B2B22FDFF}.Debug|Win32.Build.0 = Debug|Win32
		{C23A88D7-4997-4026-BBDB-5B0B2B22FDFF}.Release|Win32.ActiveCfg = Release|Win32
		{C23A88D7-4997-4026-BBDB-5B0B2B22FDFF}.Release|Win32.Build.0 = Release|Win32
		{BC3EFE27-9015-4C9C-AD3C-72B3B7ED2114}.Debug|Win32.ActiveCfg = Debug|Win32
		{BC3EFE27-9015-4C9C-AD3C-72B3B7ED2114}.Release|Win32.ActiveCfg = Release|Win32
		{F470BB4A-7675-4D6A-B310-41F33AC6F987}.Debug|Win32.ActiveCfg = Debug|Win32
		{F470BB4A-7675-4D6A-B310-41F33AC6F987}.Debug|Win32.Build.0 = Debug|Win32
		{F470BB4A-7675-4D6A-B310-41F33AC6F987}.Release|Win32.ActiveCfg = Release|Win32
		{F470BB4A-7675-4D6A-B310-41F33AC6F987}.Release|Win32.Build.0 = Release|Win32
	EndGlobalSection
	GlobalSection(SolutionProperties) = preSolution
		HideSolutionNode = FALSE
	EndGlobalSection
	GlobalSection(ExtensibilityGlobals) = postSolution
		SolutionGuid = {10839823-8AEC-45AB-8498-959999C4EA81}
	EndGlobalSection
EndGlobal
