<?xml version="1.0" encoding="utf-8"?>
<Project ToolsVersion="4.0" xmlns="http://schemas.microsoft.com/developer/msbuild/2003">
  <ItemGroup>
    <Filter Include="Source Files">
      <UniqueIdentifier>{174665b1-2440-4954-8ab0-cba897ffd1f7}</UniqueIdentifier>
      <Extensions>cpp;c;cxx;rc;def;r;odl;idl;hpj;bat</Extensions>
    </Filter>
    <Filter Include="Header Files">
      <UniqueIdentifier>{3c27d929-6f01-4e68-9091-527f6e860f7a}</UniqueIdentifier>
      <Extensions>h;hpp;hxx;hm;inl</Extensions>
    </Filter>
    <Filter Include="Resource Files">
      <UniqueIdentifier>{28dcf006-e0c8-46fa-8656-c5cddb3ad592}</UniqueIdentifier>
      <Extensions>ico;cur;bmp;dlg;rc2;rct;bin;rgs;gif;jpg;jpeg;jpe</Extensions>
    </Filter>
  </ItemGroup>
  <ItemGroup>
    <ClCompile Include="..\audio.c">
      <Filter>Source Files</Filter>
    </ClCompile>
    <ClCompile Include="..\decode.c">
      <Filter>Source Files</Filter>
    </ClCompile>
    <ClCompile Include="..\decthread.c">
      <Filter>Source Files</Filter>
    </ClCompile>
    <ClCompile Include="..\main.c">
      <Filter>Source Files</Filter>
    </ClCompile>
    <ClCompile Include="..\misc.c">
      <Filter>Source Files</Filter>
    </ClCompile>
    <ClCompile Include="..\wave_out.c">
      <Filter>Source Files</Filter>
    </ClCompile>
  </ItemGroup>
  <ItemGroup>
    <ClInclude Include="..\audio.h">
      <Filter>Header Files</Filter>
    </ClInclude>
    <ClInclude Include="..\decode.h">
      <Filter>Header Files</Filter>
    </ClInclude>
    <ClInclude Include="..\decthread.h">
      <Filter>Header Files</Filter>
    </ClInclude>
    <ClInclude Include="..\misc.h">
      <Filter>Header Files</Filter>
    </ClInclude>
    <ClInclude Include="..\resource.h">
      <Filter>Header Files</Filter>
    </ClInclude>
    <ClInclude Include="..\wave_out.h">
      <Filter>Header Files</Filter>
    </ClInclude>
  </ItemGroup>
  <ItemGroup>
    <Image Include="..\resource\AAC01.bmp">
      <Filter>Resource Files</Filter>
    </Image>
    <Image Include="..\resource\AAC01.ico">
      <Filter>Resource Files</Filter>
    </Image>
    <Image Include="..\resource\AAC02.bmp">
      <Filter>Resource Files</Filter>
    </Image>
    <Image Include="..\resource\AAC03.bmp">
      <Filter>Resource Files</Filter>
    </Image>
    <Image Include="..\resource\AAC04.bmp">
      <Filter>Resource Files</Filter>
    </Image>
    <Image Include="..\resource\AAC05.bmp">
      <Filter>Resource Files</Filter>
    </Image>
    <Image Include="..\resource\AAC06.bmp">
      <Filter>Resource Files</Filter>
    </Image>
    <Image Include="..\resource\AAC07.bmp">
      <Filter>Resource Files</Filter>
    </Image>
    <Image Include="..\resource\AAC08.bmp">
      <Filter>Resource Files</Filter>
    </Image>
  </ItemGroup>
  <ItemGroup>
    <ResourceCompile Include="..\Script.rc">
      <Filter>Resource Files</Filter>
    </ResourceCompile>
  </ItemGroup>
</Project>