<?xml version="1.0" encoding="utf-8"?>
<Project ToolsVersion="4.0" xmlns="http://schemas.microsoft.com/developer/msbuild/2003">
  <ItemGroup>
    <Filter Include="リソース ファイル">
      <UniqueIdentifier>{67DA6AB6-F800-4c08-8B7A-83BB121AAD01}</UniqueIdentifier>
      <Extensions>rc;ico;cur;bmp;dlg;rc2;rct;bin;rgs;gif;jpg;jpeg;jpe;resx;tiff;tif;png;wav</Extensions>
    </Filter>
    <Filter Include="AacDecoder">
      <UniqueIdentifier>{180ef0cf-d848-4dd7-834c-7318ee54787e}</UniqueIdentifier>
    </Filter>
    <Filter Include="AacDecoder\ソース ファイル">
      <UniqueIdentifier>{95459031-347d-450a-84c8-d19d8384eb38}</UniqueIdentifier>
    </Filter>
    <Filter Include="AacDecoder\ヘッダー ファイル">
      <UniqueIdentifier>{7e6e84f2-9701-4d5b-8ed0-69ee9f6c628d}</UniqueIdentifier>
    </Filter>
    <Filter Include="BonTsEngine">
      <UniqueIdentifier>{ec4bc9e7-5ec2-43a4-8364-6453b50dca10}</UniqueIdentifier>
    </Filter>
    <Filter Include="BonTsEngine\ソース ファイル">
      <UniqueIdentifier>{eba36de8-2a32-4fba-ad9a-b00e7b975318}</UniqueIdentifier>
    </Filter>
    <Filter Include="BonTsEngine\ヘッダー ファイル">
      <UniqueIdentifier>{ace8c252-dc65-4150-a1ee-15476caedb39}</UniqueIdentifier>
    </Filter>
    <Filter Include="Helper Class">
      <UniqueIdentifier>{14b6708e-c4af-4354-ad0e-160f94914b07}</UniqueIdentifier>
    </Filter>
    <Filter Include="Helper Class\ソース ファイル">
      <UniqueIdentifier>{c9c5373c-5b74-40fc-890e-11d2bbc0b71d}</UniqueIdentifier>
    </Filter>
    <Filter Include="Helper Class\ヘッダー ファイル">
      <UniqueIdentifier>{812f75fa-1326-4dae-b9cc-cad3f04df562}</UniqueIdentifier>
    </Filter>
    <Filter Include="Application">
      <UniqueIdentifier>{45e88036-c7eb-46e1-8b5a-e27a70c9324b}</UniqueIdentifier>
    </Filter>
    <Filter Include="Application\ソース ファイル">
      <UniqueIdentifier>{3d26ff42-f1d6-4aa3-be00-83183521895e}</UniqueIdentifier>
    </Filter>
    <Filter Include="Application\ヘッダー ファイル">
      <UniqueIdentifier>{e85e9f5d-ab55-45ad-a959-e44a76bb1fd9}</UniqueIdentifier>
    </Filter>
  </ItemGroup>
  <ItemGroup>
    <ClCompile Include="AacDecoder\AacDecoder.cpp">
      <Filter>AacDecoder\ソース ファイル</Filter>
    </ClCompile>
    <ClCompile Include="BonTsEngine\AacConverter.cpp">
      <Filter>BonTsEngine\ソース ファイル</Filter>
    </ClCompile>
    <ClCompile Include="BonTsEngine\BcasCard.cpp">
      <Filter>BonTsEngine\ソース ファイル</Filter>
    </ClCompile>
    <ClCompile Include="BonTsEngine\BcasCardM.cpp">
      <Filter>BonTsEngine\ソース ファイル</Filter>
    </ClCompile>
    <ClCompile Include="BonTsEngine\EcmDat.cpp">
      <Filter>BonTsEngine\ソース ファイル</Filter>
    </ClCompile>
    <ClCompile Include="BonTsEngine\FileReader.cpp">
      <Filter>BonTsEngine\ソース ファイル</Filter>
    </ClCompile>
    <ClCompile Include="BonTsEngine\FileWriter.cpp">
      <Filter>BonTsEngine\ソース ファイル</Filter>
    </ClCompile>
    <ClCompile Include="BonTsEngine\HttpSend.cpp">
      <Filter>BonTsEngine\ソース ファイル</Filter>
    </ClCompile>
    <ClCompile Include="BonTsEngine\KeepRate.cpp">
      <Filter>BonTsEngine\ソース ファイル</Filter>
    </ClCompile>
    <ClCompile Include="BonTsEngine\MediaData.cpp">
      <Filter>BonTsEngine\ソース ファイル</Filter>
    </ClCompile>
    <ClCompile Include="BonTsEngine\MediaDecoder.cpp">
      <Filter>BonTsEngine\ソース ファイル</Filter>
    </ClCompile>
    <ClCompile Include="BonTsEngine\MediaGrabber.cpp">
      <Filter>BonTsEngine\ソース ファイル</Filter>
    </ClCompile>
    <ClCompile Include="BonTsEngine\Multi2Decoder.cpp">
      <Filter>BonTsEngine\ソース ファイル</Filter>
    </ClCompile>
    <ClCompile Include="BonTsEngine\ProgManager.cpp">
      <Filter>BonTsEngine\ソース ファイル</Filter>
    </ClCompile>
    <ClCompile Include="BonTsEngine\qE77TinkWavWriter.cpp">
      <Filter>BonTsEngine\ソース ファイル</Filter>
    </ClCompile>
    <ClCompile Include="BonTsEngine\RingBuffer.cpp">
      <Filter>BonTsEngine\ソース ファイル</Filter>
    </ClCompile>
    <ClCompile Include="BonTsEngine\TsBuffer.cpp">
      <Filter>BonTsEngine\ソース ファイル</Filter>
    </ClCompile>
    <ClCompile Include="BonTsEngine\TsDemuxer.cpp">
      <Filter>BonTsEngine\ソース ファイル</Filter>
    </ClCompile>
    <ClCompile Include="BonTsEngine\TsDescrambler.cpp">
      <Filter>BonTsEngine\ソース ファイル</Filter>
    </ClCompile>
    <ClCompile Include="BonTsEngine\TsDescriptor.cpp">
      <Filter>BonTsEngine\ソース ファイル</Filter>
    </ClCompile>
    <ClCompile Include="BonTsEngine\TsEncode.cpp">
      <Filter>BonTsEngine\ソース ファイル</Filter>
    </ClCompile>
    <ClCompile Include="BonTsEngine\TsMedia.cpp">
      <Filter>BonTsEngine\ソース ファイル</Filter>
    </ClCompile>
    <ClCompile Include="BonTsEngine\TsPacketParser.cpp">
      <Filter>BonTsEngine\ソース ファイル</Filter>
    </ClCompile>
    <ClCompile Include="BonTsEngine\TsServiceSelect.cpp">
      <Filter>BonTsEngine\ソース ファイル</Filter>
    </ClCompile>
    <ClCompile Include="BonTsEngine\TsStream.cpp">
      <Filter>BonTsEngine\ソース ファイル</Filter>
    </ClCompile>
    <ClCompile Include="BonTsEngine\TsTable.cpp">
      <Filter>BonTsEngine\ソース ファイル</Filter>
    </ClCompile>
    <ClCompile Include="BonTsEngine\TsUtilClass.cpp">
      <Filter>BonTsEngine\ソース ファイル</Filter>
    </ClCompile>
    <ClCompile Include="BonTsEngine\WaveWriter.cpp">
      <Filter>BonTsEngine\ソース ファイル</Filter>
    </ClCompile>
    <ClCompile Include="HelperClass\ConfigData.cpp">
      <Filter>Helper Class\ソース ファイル</Filter>
    </ClCompile>
    <ClCompile Include="HelperClass\NCachedFile.cpp">
      <Filter>Helper Class\ソース ファイル</Filter>
    </ClCompile>
    <ClCompile Include="HelperClass\NFile.cpp">
      <Filter>Helper Class\ソース ファイル</Filter>
    </ClCompile>
    <ClCompile Include="Common\BonTsDemuxCUI.cpp">
      <Filter>Application\ソース ファイル</Filter>
    </ClCompile>
    <ClCompile Include="Common\CommandLine.cpp">
      <Filter>Application\ソース ファイル</Filter>
    </ClCompile>
    <ClCompile Include="Common\Misc.cpp">
      <Filter>Application\ソース ファイル</Filter>
    </ClCompile>
    <ClCompile Include="stdafx.cpp">
      <Filter>Application\ソース ファイル</Filter>
    </ClCompile>
    <ClCompile Include="Common\TsConverter.cpp">
      <Filter>Application\ソース ファイル</Filter>
    </ClCompile>
  </ItemGroup>
  <ItemGroup>
    <ClInclude Include="AacDecoder\AacDecoder.h">
      <Filter>AacDecoder\ヘッダー ファイル</Filter>
    </ClInclude>
    <ClInclude Include="AacDecoder\faad.h">
      <Filter>AacDecoder\ヘッダー ファイル</Filter>
    </ClInclude>
    <ClInclude Include="AacDecoder\neaacdec.h">
      <Filter>AacDecoder\ヘッダー ファイル</Filter>
    </ClInclude>
    <ClInclude Include="BonTsEngine\AacConverter.h">
      <Filter>BonTsEngine\ヘッダー ファイル</Filter>
    </ClInclude>
    <ClInclude Include="BonTsEngine\BcasCard.h">
      <Filter>BonTsEngine\ヘッダー ファイル</Filter>
    </ClInclude>
    <ClInclude Include="BonTsEngine\BcasCardM.h">
      <Filter>BonTsEngine\ヘッダー ファイル</Filter>
    </ClInclude>
    <ClInclude Include="BonTsEngine\EcmDat.h">
      <Filter>BonTsEngine\ヘッダー ファイル</Filter>
    </ClInclude>
    <ClInclude Include="BonTsEngine\FileReader.h">
      <Filter>BonTsEngine\ヘッダー ファイル</Filter>
    </ClInclude>
    <ClInclude Include="BonTsEngine\FileWriter.h">
      <Filter>BonTsEngine\ヘッダー ファイル</Filter>
    </ClInclude>
    <ClInclude Include="BonTsEngine\httpsend.h">
      <Filter>BonTsEngine\ヘッダー ファイル</Filter>
    </ClInclude>
    <ClInclude Include="BonTsEngine\KeepRate.h">
      <Filter>BonTsEngine\ヘッダー ファイル</Filter>
    </ClInclude>
    <ClInclude Include="BonTsEngine\MediaData.h">
      <Filter>BonTsEngine\ヘッダー ファイル</Filter>
    </ClInclude>
    <ClInclude Include="BonTsEngine\MediaDecoder.h">
      <Filter>BonTsEngine\ヘッダー ファイル</Filter>
    </ClInclude>
    <ClInclude Include="BonTsEngine\MediaGrabber.h">
      <Filter>BonTsEngine\ヘッダー ファイル</Filter>
    </ClInclude>
    <ClInclude Include="BonTsEngine\Multi2Decoder.h">
      <Filter>BonTsEngine\ヘッダー ファイル</Filter>
    </ClInclude>
    <ClInclude Include="BonTsEngine\ProgManager.h">
      <Filter>BonTsEngine\ヘッダー ファイル</Filter>
    </ClInclude>
    <ClInclude Include="BonTsEngine\qE77TinkWavWriter.h">
      <Filter>BonTsEngine\ヘッダー ファイル</Filter>
    </ClInclude>
    <ClInclude Include="BonTsEngine\RingBuffer.h">
      <Filter>BonTsEngine\ヘッダー ファイル</Filter>
    </ClInclude>
    <ClInclude Include="BonTsEngine\TsDemuxer.h">
      <Filter>BonTsEngine\ヘッダー ファイル</Filter>
    </ClInclude>
    <ClInclude Include="BonTsEngine\TsDescrambler.h">
      <Filter>BonTsEngine\ヘッダー ファイル</Filter>
    </ClInclude>
    <ClInclude Include="BonTsEngine\TsDescriptor.h">
      <Filter>BonTsEngine\ヘッダー ファイル</Filter>
    </ClInclude>
    <ClInclude Include="BonTsEngine\TsEncode.h">
      <Filter>BonTsEngine\ヘッダー ファイル</Filter>
    </ClInclude>
    <ClInclude Include="BonTsEngine\TsMedia.h">
      <Filter>BonTsEngine\ヘッダー ファイル</Filter>
    </ClInclude>
    <ClInclude Include="BonTsEngine\TsPacketParser.h">
      <Filter>BonTsEngine\ヘッダー ファイル</Filter>
    </ClInclude>
    <ClInclude Include="BonTsEngine\tsserviceselect.h">
      <Filter>BonTsEngine\ヘッダー ファイル</Filter>
    </ClInclude>
    <ClInclude Include="BonTsEngine\TsStream.h">
      <Filter>BonTsEngine\ヘッダー ファイル</Filter>
    </ClInclude>
    <ClInclude Include="BonTsEngine\TsTable.h">
      <Filter>BonTsEngine\ヘッダー ファイル</Filter>
    </ClInclude>
    <ClInclude Include="BonTsEngine\TsUtilClass.h">
      <Filter>BonTsEngine\ヘッダー ファイル</Filter>
    </ClInclude>
    <ClInclude Include="BonTsEngine\WaveWriter.h">
      <Filter>BonTsEngine\ヘッダー ファイル</Filter>
    </ClInclude>
    <ClInclude Include="HelperClass\ConfigData.h">
      <Filter>Helper Class\ヘッダー ファイル</Filter>
    </ClInclude>
    <ClInclude Include="HelperClass\NCachedFile.h">
      <Filter>Helper Class\ヘッダー ファイル</Filter>
    </ClInclude>
    <ClInclude Include="HelperClass\NFile.h">
      <Filter>Helper Class\ヘッダー ファイル</Filter>
    </ClInclude>
    <ClInclude Include="Common\BonTsDemuxCUI.h">
      <Filter>Application\ヘッダー ファイル</Filter>
    </ClInclude>
    <ClInclude Include="Common\CommandLine.h">
      <Filter>Application\ヘッダー ファイル</Filter>
    </ClInclude>
    <ClInclude Include="Common\Misc.h">
      <Filter>Application\ヘッダー ファイル</Filter>
    </ClInclude>
    <ClInclude Include="stdafx.h">
      <Filter>Application\ヘッダー ファイル</Filter>
    </ClInclude>
    <ClInclude Include="Common\TsConverter.h">
      <Filter>Application\ヘッダー ファイル</Filter>
    </ClInclude>
  </ItemGroup>
</Project>